
Microsoft Visual Studio Solution File, Format Version 12.00
# Visual Studio Version 17
VisualStudioVersion = 17.4.33110.190
MinimumVisualStudioVersion = 10.0.40219.1
Project("{FAE04EC0-301F-11D3-BF4B-00C04F79EFBC}") = "String5", "String5.csproj", "{53B41896-B117-428E-89E9-C968B40C328A}"
EndProject
Global
	GlobalSection(SolutionConfigurationPlatforms) = preSolution
		Debug|Any CPU = Debug|Any CPU
		Release|Any CPU = Release|Any CPU
	EndGlobalSection
	GlobalSection(ProjectConfigurationPlatforms) = postSolution
		{53B41896-B117-428E-89E9-C968B40C328A}.Debug|Any CPU.ActiveCfg = Debug|Any CPU
		{53B41896-B117-428E-89E9-C968B40C328A}.Debug|Any CPU.Build.0 = Debug|Any CPU
		{53B41896-B117-428E-89E9-C968B40C328A}.Release|Any CPU.ActiveCfg = Release|Any CPU
		{53B41896-B117-428E-89E9-C968B40C328A}.Release|Any CPU.Build.0 = Release|Any CPU
	EndGlobalSection
	GlobalSection(SolutionProperties) = preSolution
		HideSolutionNode = FALSE
	EndGlobalSection
	GlobalSection(ExtensibilityGlobals) = postSolution
		SolutionGuid = {AB0CDED7-0A4E-4575-B968-134C7E8B3F85}
	EndGlobalSection
EndGlobal
