
Microsoft Visual Studio Solution File, Format Version 12.00
# Visual Studio Version 17
VisualStudioVersion = 17.4.33110.190
MinimumVisualStudioVersion = 10.0.40219.1
Project("{FAE04EC0-301F-11D3-BF4B-00C04F79EFBC}") = "String1", "String1.csproj", "{9353625A-EC18-4385-BCC6-87562CE7EA0B}"
EndProject
Global
	GlobalSection(SolutionConfigurationPlatforms) = preSolution
		Debug|Any CPU = Debug|Any CPU
		Release|Any CPU = Release|Any CPU
	EndGlobalSection
	GlobalSection(ProjectConfigurationPlatforms) = postSolution
		{9353625A-EC18-4385-BCC6-87562CE7EA0B}.Debug|Any CPU.ActiveCfg = Debug|Any CPU
		{9353625A-EC18-4385-BCC6-87562CE7EA0B}.Debug|Any CPU.Build.0 = Debug|Any CPU
		{9353625A-EC18-4385-BCC6-87562CE7EA0B}.Release|Any CPU.ActiveCfg = Release|Any CPU
		{9353625A-EC18-4385-BCC6-87562CE7EA0B}.Release|Any CPU.Build.0 = Release|Any CPU
	EndGlobalSection
	GlobalSection(SolutionProperties) = preSolution
		HideSolutionNode = FALSE
	EndGlobalSection
	GlobalSection(ExtensibilityGlobals) = postSolution
		SolutionGuid = {5248AC7A-0F39-4BFC-915D-830C4C1CB5FB}
	EndGlobalSection
EndGlobal
